
Microsoft Visual Studio Solution File, Format Version 12.00
# Visual Studio Version 17
VisualStudioVersion = 17.8.34322.80
MinimumVisualStudioVersion = 10.0.40219.1
Project("{FAE04EC0-301F-11D3-BF4B-00C04F79EFBC}") = "NewsProject", "NewsProject\NewsProject.csproj", "{0AF2CDF2-39A7-466B-BDA6-EC8D9B010E99}"
EndProject
Project("{FAE04EC0-301F-11D3-BF4B-00C04F79EFBC}") = "NewsProject.Model", "NewsProject.Model\NewsProject.Model.csproj", "{6F8231E3-F808-41EF-80B1-4F713857FB50}"
EndProject
Project("{FAE04EC0-301F-11D3-BF4B-00C04F79EFBC}") = "NewsProject.Business", "NewsProject.Business\NewsProject.Business.csproj", "{91D52DF2-1520-4B37-B7CC-EC0C658FD0A4}"
EndProject
Global
	GlobalSection(SolutionConfigurationPlatforms) = preSolution
		Debug|Any CPU = Debug|Any CPU
		Release|Any CPU = Release|Any CPU
	EndGlobalSection
	GlobalSection(ProjectConfigurationPlatforms) = postSolution
		{0AF2CDF2-39A7-466B-BDA6-EC8D9B010E99}.Debug|Any CPU.ActiveCfg = Debug|Any CPU
		{0AF2CDF2-39A7-466B-BDA6-EC8D9B010E99}.Debug|Any CPU.Build.0 = Debug|Any CPU
		{0AF2CDF2-39A7-466B-BDA6-EC8D9B010E99}.Release|Any CPU.ActiveCfg = Release|Any CPU
		{0AF2CDF2-39A7-466B-BDA6-EC8D9B010E99}.Release|Any CPU.Build.0 = Release|Any CPU
		{6F8231E3-F808-41EF-80B1-4F713857FB50}.Debug|Any CPU.ActiveCfg = Debug|Any CPU
		{6F8231E3-F808-41EF-80B1-4F713857FB50}.Debug|Any CPU.Build.0 = Debug|Any CPU
		{6F8231E3-F808-41EF-80B1-4F713857FB50}.Release|Any CPU.ActiveCfg = Release|Any CPU
		{6F8231E3-F808-41EF-80B1-4F713857FB50}.Release|Any CPU.Build.0 = Release|Any CPU
		{91D52DF2-1520-4B37-B7CC-EC0C658FD0A4}.Debug|Any CPU.ActiveCfg = Debug|Any CPU
		{91D52DF2-1520-4B37-B7CC-EC0C658FD0A4}.Debug|Any CPU.Build.0 = Debug|Any CPU
		{91D52DF2-1520-4B37-B7CC-EC0C658FD0A4}.Release|Any CPU.ActiveCfg = Release|Any CPU
		{91D52DF2-1520-4B37-B7CC-EC0C658FD0A4}.Release|Any CPU.Build.0 = Release|Any CPU
	EndGlobalSection
	GlobalSection(SolutionProperties) = preSolution
		HideSolutionNode = FALSE
	EndGlobalSection
	GlobalSection(ExtensibilityGlobals) = postSolution
		SolutionGuid = {CBFB1916-E7F4-4117-8BE6-BF2D71E734A2}
	EndGlobalSection
EndGlobal
